{
  "object": {
    "pins": [
      {
        "package": "AlertToast",
        "repositoryURL": "https://github.com/elai950/AlertToast.git",
        "state": {
          "branch": null,
          "revision": "e0096590905106ea1d0d117aaf268ac556a92493",
          "version": "1.2.0"
        }
      },
      {
        "package": "Defaults",
        "repositoryURL": "https://github.com/sindresorhus/Defaults",
        "state": {
          "branch": null,
          "revision": "63dcea312f9cbd17064294a3ae99c9147704b65f",
          "version": "4.2.1"
        }
      },
      {
        "package": "FloatingLabelTextFieldSwiftUI",
        "repositoryURL": "https://github.com/kishanraja/FloatingLabelTextFieldSwiftUI.git",
        "state": {
          "branch": null,
          "revision": "2b52de9a479b46bb26ecf9bd06a0869e9593c686",
          "version": "4.1.0"
        }
      },
      {
        "package": "PartialSheet",
        "repositoryURL": "https://github.com/AndreaMiotto/PartialSheet.git",
        "state": {
          "branch": null,
          "revision": "936465232b6399e402e79d5b031622af9a5e9960",
          "version": "2.1.11"
        }
      },
      {
        "package": "SDWebImage",
        "repositoryURL": "https://github.com/SDWebImage/SDWebImage.git",
        "state": {
          "branch": null,
          "revision": "a6b6e44eadf0d39250c10a7cc0e3b91d0bdb0e94",
          "version": "5.10.4"
        }
      },
      {
        "package": "SDWebImageSwiftUI",
        "repositoryURL": "https://github.com/SDWebImage/SDWebImageSwiftUI.git",
        "state": {
          "branch": null,
          "revision": "cd8625b7cf11a97698e180d28bb7d5d357196678",
          "version": "2.0.2"
        }
      },
      {
        "package": "SwiftUIX",
        "repositoryURL": "https://github.com/SwiftUIX/SwiftUIX",
        "state": {
          "branch": null,
          "revision": "c2890b24e56e540b2c2fe00394b3826e4659c97b",
          "version": "0.0.5"
        }
      }
    ]
  },
  "version": 1
}
